
Microsoft Visual Studio Solution File, Format Version 12.00
# Visual Studio Version 16
VisualStudioVersion = 16.0.30907.101
MinimumVisualStudioVersion = 10.0.40219.1
Project("{FAE04EC0-301F-11D3-BF4B-00C04F79EFBC}") = "Project_3_2_Travel_Time_Calculator", "Project_3_2_Travel_Time_Calculator\Project_3_2_Travel_Time_Calculator.csproj", "{69AE73EC-EA17-40D6-AF48-F879E96C0F4E}"
EndProject
Global
	GlobalSection(SolutionConfigurationPlatforms) = preSolution
		Debug|Any CPU = Debug|Any CPU
		Release|Any CPU = Release|Any CPU
	EndGlobalSection
	GlobalSection(ProjectConfigurationPlatforms) = postSolution
		{69AE73EC-EA17-40D6-AF48-F879E96C0F4E}.Debug|Any CPU.ActiveCfg = Debug|Any CPU
		{69AE73EC-EA17-40D6-AF48-F879E96C0F4E}.Debug|Any CPU.Build.0 = Debug|Any CPU
		{69AE73EC-EA17-40D6-AF48-F879E96C0F4E}.Release|Any CPU.ActiveCfg = Release|Any CPU
		{69AE73EC-EA17-40D6-AF48-F879E96C0F4E}.Release|Any CPU.Build.0 = Release|Any CPU
	EndGlobalSection
	GlobalSection(SolutionProperties) = preSolution
		HideSolutionNode = FALSE
	EndGlobalSection
	GlobalSection(ExtensibilityGlobals) = postSolution
		SolutionGuid = {3C2A4BB9-7047-4C67-87E0-0DDC17EBB207}
	EndGlobalSection
EndGlobal
