
Microsoft Visual Studio Solution File, Format Version 12.00
# Visual Studio Version 16
VisualStudioVersion = 16.0.30907.101
MinimumVisualStudioVersion = 10.0.40219.1
Project("{FAE04EC0-301F-11D3-BF4B-00C04F79EFBC}") = "project_12_2_WizardInventory", "project_12_2_WizardInventory\project_12_2_WizardInventory.csproj", "{AB71571F-9F2F-4E9D-A0CD-F0A5F1ADB503}"
EndProject
Global
	GlobalSection(SolutionConfigurationPlatforms) = preSolution
		Debug|Any CPU = Debug|Any CPU
		Release|Any CPU = Release|Any CPU
	EndGlobalSection
	GlobalSection(ProjectConfigurationPlatforms) = postSolution
		{AB71571F-9F2F-4E9D-A0CD-F0A5F1ADB503}.Debug|Any CPU.ActiveCfg = Debug|Any CPU
		{AB71571F-9F2F-4E9D-A0CD-F0A5F1ADB503}.Debug|Any CPU.Build.0 = Debug|Any CPU
		{AB71571F-9F2F-4E9D-A0CD-F0A5F1ADB503}.Release|Any CPU.ActiveCfg = Release|Any CPU
		{AB71571F-9F2F-4E9D-A0CD-F0A5F1ADB503}.Release|Any CPU.Build.0 = Release|Any CPU
	EndGlobalSection
	GlobalSection(SolutionProperties) = preSolution
		HideSolutionNode = FALSE
	EndGlobalSection
	GlobalSection(ExtensibilityGlobals) = postSolution
		SolutionGuid = {4E05A9CA-59F2-4F33-91D9-2F4676A829BD}
	EndGlobalSection
EndGlobal
