
Microsoft Visual Studio Solution File, Format Version 12.00
# Visual Studio Version 16
VisualStudioVersion = 16.0.30907.101
MinimumVisualStudioVersion = 10.0.40219.1
Project("{FAE04EC0-301F-11D3-BF4B-00C04F79EFBC}") = "Project_5_2_DataValidation", "Project_5_2_DataValidation\Project_5_2_DataValidation.csproj", "{10DB7EF2-EA47-4141-84CF-5FF75C8536CD}"
EndProject
Global
	GlobalSection(SolutionConfigurationPlatforms) = preSolution
		Debug|Any CPU = Debug|Any CPU
		Release|Any CPU = Release|Any CPU
	EndGlobalSection
	GlobalSection(ProjectConfigurationPlatforms) = postSolution
		{10DB7EF2-EA47-4141-84CF-5FF75C8536CD}.Debug|Any CPU.ActiveCfg = Debug|Any CPU
		{10DB7EF2-EA47-4141-84CF-5FF75C8536CD}.Debug|Any CPU.Build.0 = Debug|Any CPU
		{10DB7EF2-EA47-4141-84CF-5FF75C8536CD}.Release|Any CPU.ActiveCfg = Release|Any CPU
		{10DB7EF2-EA47-4141-84CF-5FF75C8536CD}.Release|Any CPU.Build.0 = Release|Any CPU
	EndGlobalSection
	GlobalSection(SolutionProperties) = preSolution
		HideSolutionNode = FALSE
	EndGlobalSection
	GlobalSection(ExtensibilityGlobals) = postSolution
		SolutionGuid = {DF51DDBC-2A42-4F74-8286-5E3FD24C4812}
	EndGlobalSection
EndGlobal
