
Microsoft Visual Studio Solution File, Format Version 12.00
# Visual Studio Version 16
VisualStudioVersion = 16.0.30907.101
MinimumVisualStudioVersion = 10.0.40219.1
Project("{FAE04EC0-301F-11D3-BF4B-00C04F79EFBC}") = "Project_2_3_Rectangle_Calculator", "Project_2_3_Rectangle_Calculator\Project_2_3_Rectangle_Calculator.csproj", "{AEC3B068-CF96-407D-ACD3-CD20D5591389}"
EndProject
Global
	GlobalSection(SolutionConfigurationPlatforms) = preSolution
		Debug|Any CPU = Debug|Any CPU
		Release|Any CPU = Release|Any CPU
	EndGlobalSection
	GlobalSection(ProjectConfigurationPlatforms) = postSolution
		{AEC3B068-CF96-407D-ACD3-CD20D5591389}.Debug|Any CPU.ActiveCfg = Debug|Any CPU
		{AEC3B068-CF96-407D-ACD3-CD20D5591389}.Debug|Any CPU.Build.0 = Debug|Any CPU
		{AEC3B068-CF96-407D-ACD3-CD20D5591389}.Release|Any CPU.ActiveCfg = Release|Any CPU
		{AEC3B068-CF96-407D-ACD3-CD20D5591389}.Release|Any CPU.Build.0 = Release|Any CPU
	EndGlobalSection
	GlobalSection(SolutionProperties) = preSolution
		HideSolutionNode = FALSE
	EndGlobalSection
	GlobalSection(ExtensibilityGlobals) = postSolution
		SolutionGuid = {C5EBF591-4CA7-4200-AF3D-E99A8069EF8E}
	EndGlobalSection
EndGlobal
