
Microsoft Visual Studio Solution File, Format Version 12.00
# Visual Studio Version 16
VisualStudioVersion = 16.0.30907.101
MinimumVisualStudioVersion = 10.0.40219.1
Project("{FAE04EC0-301F-11D3-BF4B-00C04F79EFBC}") = "MathApp", "MathApp\MathApp.csproj", "{A514F838-64D3-461B-AC71-D0187037596F}"
EndProject
Global
	GlobalSection(SolutionConfigurationPlatforms) = preSolution
		Debug|Any CPU = Debug|Any CPU
		Release|Any CPU = Release|Any CPU
	EndGlobalSection
	GlobalSection(ProjectConfigurationPlatforms) = postSolution
		{A514F838-64D3-461B-AC71-D0187037596F}.Debug|Any CPU.ActiveCfg = Debug|Any CPU
		{A514F838-64D3-461B-AC71-D0187037596F}.Debug|Any CPU.Build.0 = Debug|Any CPU
		{A514F838-64D3-461B-AC71-D0187037596F}.Release|Any CPU.ActiveCfg = Release|Any CPU
		{A514F838-64D3-461B-AC71-D0187037596F}.Release|Any CPU.Build.0 = Release|Any CPU
	EndGlobalSection
	GlobalSection(SolutionProperties) = preSolution
		HideSolutionNode = FALSE
	EndGlobalSection
	GlobalSection(ExtensibilityGlobals) = postSolution
		SolutionGuid = {F6E07351-8948-47E8-B620-F1320BCB4A87}
	EndGlobalSection
EndGlobal
